// !$*UTF8*$!
{
	archiveVersion = 1;
	classes = {
	};
	objectVersion = 46;
	objects = {

/* Begin PBXBuildFile section */
		B618E4DE1B64354D0020AC6C /* main.m in Sources */ = {isa = PBXBuildFile; fileRef = B618E4DD1B64354D0020AC6C /* main.m */; };
		B618E4E11B64354D0020AC6C /* AppDelegate.m in Sources */ = {isa = PBXBuildFile; fileRef = B618E4E01B64354D0020AC6C /* AppDelegate.m */; };
		B618E4E61B64354D0020AC6C /* GameScene.sks in Resources */ = {isa = PBXBuildFile; fileRef = B618E4E51B64354D0020AC6C /* GameScene.sks */; };
		B618E4EC1B64354D0020AC6C /* Main.storyboard in Resources */ = {isa = PBXBuildFile; fileRef = B618E4EA1B64354D0020AC6C /* Main.storyboard */; };
		B618E4EE1B64354D0020AC6C /* Images.xcassets in Resources */ = {isa = PBXBuildFile; fileRef = B618E4ED1B64354D0020AC6C /* Images.xcassets */; };
		B618E4F11B64354D0020AC6C /* LaunchScreen.xib in Resources */ = {isa = PBXBuildFile; fileRef = B618E4EF1B64354D0020AC6C /* LaunchScreen.xib */; };
		B618E4FD1B64354D0020AC6C /* SoccerChallengeTests.m in Sources */ = {isa = PBXBuildFile; fileRef = B618E4FC1B64354D0020AC6C /* SoccerChallengeTests.m */; };
		B6A020251B667D190055AD01 /* GameTableViewController.m in Sources */ = {isa = PBXBuildFile; fileRef = B6A020241B667D190055AD01 /* GameTableViewController.m */; };
		B6A0203A1B667EF00055AD01 /* basketball.png in Resources */ = {isa = PBXBuildFile; fileRef = B6A020341B667EF00055AD01 /* basketball.png */; };
		B6A0203B1B667EF00055AD01 /* bowlingball.jpeg in Resources */ = {isa = PBXBuildFile; fileRef = B6A020351B667EF00055AD01 /* bowlingball.jpeg */; };
		B6A0203C1B667EF00055AD01 /* pingpongball.gif in Resources */ = {isa = PBXBuildFile; fileRef = B6A020361B667EF00055AD01 /* pingpongball.gif */; };
		B6A0203D1B667EF00055AD01 /* pusheen.jpg in Resources */ = {isa = PBXBuildFile; fileRef = B6A020371B667EF00055AD01 /* pusheen.jpg */; };
		B6A0203E1B667EF00055AD01 /* soccer_ball.jpeg in Resources */ = {isa = PBXBuildFile; fileRef = B6A020381B667EF00055AD01 /* soccer_ball.jpeg */; };
		B6A0203F1B667EF00055AD01 /* Soccer_field.png in Resources */ = {isa = PBXBuildFile; fileRef = B6A020391B667EF00055AD01 /* Soccer_field.png */; };
		B6A020421B6689CB0055AD01 /* GroundNode.m in Sources */ = {isa = PBXBuildFile; fileRef = B6A020411B6689CB0055AD01 /* GroundNode.m */; };
		B6A020451B669AC20055AD01 /* GamePlayScene.m in Sources */ = {isa = PBXBuildFile; fileRef = B6A020441B669AC20055AD01 /* GamePlayScene.m */; };
		B6A020581B669E780055AD01 /* PusheenNode.m in Sources */ = {isa = PBXBuildFile; fileRef = B6A020571B669E780055AD01 /* PusheenNode.m */; };
		B6A0205B1B66A0440055AD01 /* BallNode.m in Sources */ = {isa = PBXBuildFile; fileRef = B6A0205A1B66A0440055AD01 /* BallNode.m */; };
		B6A0205D1B66A6180055AD01 /* wind.png in Resources */ = {isa = PBXBuildFile; fileRef = B6A0205C1B66A6180055AD01 /* wind.png */; };
		B6A020601B66A6B70055AD01 /* WindNode.m in Sources */ = {isa = PBXBuildFile; fileRef = B6A0205F1B66A6B70055AD01 /* WindNode.m */; };
		B6A020621B66ABF40055AD01 /* images.jpg in Resources */ = {isa = PBXBuildFile; fileRef = B6A020611B66ABF40055AD01 /* images.jpg */; };
		B6A020651B66B42F0055AD01 /* Utilities.m in Sources */ = {isa = PBXBuildFile; fileRef = B6A020641B66B42F0055AD01 /* Utilities.m */; };
		B6A0206D1B66BD3F0055AD01 /* Bolts.framework in Frameworks */ = {isa = PBXBuildFile; fileRef = B6A020671B66BD3F0055AD01 /* Bolts.framework */; };
		B6A0206E1B66BD3F0055AD01 /* Parse.framework in Frameworks */ = {isa = PBXBuildFile; fileRef = B6A020681B66BD3F0055AD01 /* Parse.framework */; };
		B6A0206F1B66BD3F0055AD01 /* ParseCrashReporting.framework in Frameworks */ = {isa = PBXBuildFile; fileRef = B6A020691B66BD3F0055AD01 /* ParseCrashReporting.framework */; };
		B6A020701B66BD3F0055AD01 /* ParseFacebookUtils.framework in Frameworks */ = {isa = PBXBuildFile; fileRef = B6A0206A1B66BD3F0055AD01 /* ParseFacebookUtils.framework */; };
		B6A020711B66BD3F0055AD01 /* ParseFacebookUtilsV4.framework in Frameworks */ = {isa = PBXBuildFile; fileRef = B6A0206B1B66BD3F0055AD01 /* ParseFacebookUtilsV4.framework */; };
		B6A020721B66BD3F0055AD01 /* ParseUI.framework in Frameworks */ = {isa = PBXBuildFile; fileRef = B6A0206C1B66BD3F0055AD01 /* ParseUI.framework */; };
		B6A020741B66BED30055AD01 /* goal.png in Resources */ = {isa = PBXBuildFile; fileRef = B6A020731B66BED30055AD01 /* goal.png */; };
/* End PBXBuildFile section */

/* Begin PBXContainerItemProxy section */
		B618E4F71B64354D0020AC6C /* PBXContainerItemProxy */ = {
			isa = PBXContainerItemProxy;
			containerPortal = B618E4D01B64354D0020AC6C /* Project object */;
			proxyType = 1;
			remoteGlobalIDString = B618E4D71B64354D0020AC6C;
			remoteInfo = SoccerChallenge;
		};
/* End PBXContainerItemProxy section */

/* Begin PBXFileReference section */
		B618E4D81B64354D0020AC6C /* SoccerChallenge.app */ = {isa = PBXFileReference; explicitFileType = wrapper.application; includeInIndex = 0; path = SoccerChallenge.app; sourceTree = BUILT_PRODUCTS_DIR; };
		B618E4DC1B64354D0020AC6C /* Info.plist */ = {isa = PBXFileReference; lastKnownFileType = text.plist.xml; path = Info.plist; sourceTree = "<group>"; };
		B618E4DD1B64354D0020AC6C /* main.m */ = {isa = PBXFileReference; lastKnownFileType = sourcecode.c.objc; path = main.m; sourceTree = "<group>"; };
		B618E4DF1B64354D0020AC6C /* AppDelegate.h */ = {isa = PBXFileReference; lastKnownFileType = sourcecode.c.h; path = AppDelegate.h; sourceTree = "<group>"; };
		B618E4E01B64354D0020AC6C /* AppDelegate.m */ = {isa = PBXFileReference; lastKnownFileType = sourcecode.c.objc; path = AppDelegate.m; sourceTree = "<group>"; };
		B618E4E51B64354D0020AC6C /* GameScene.sks */ = {isa = PBXFileReference; lastKnownFileType = file.sks; path = GameScene.sks; sourceTree = "<group>"; };
		B618E4EB1B64354D0020AC6C /* Base */ = {isa = PBXFileReference; lastKnownFileType = file.storyboard; name = Base; path = Base.lproj/Main.storyboard; sourceTree = "<group>"; };
		B618E4ED1B64354D0020AC6C /* Images.xcassets */ = {isa = PBXFileReference; lastKnownFileType = folder.assetcatalog; path = Images.xcassets; sourceTree = "<group>"; };
		B618E4F01B64354D0020AC6C /* Base */ = {isa = PBXFileReference; lastKnownFileType = file.xib; name = Base; path = Base.lproj/LaunchScreen.xib; sourceTree = "<group>"; };
		B618E4F61B64354D0020AC6C /* SoccerChallengeTests.xctest */ = {isa = PBXFileReference; explicitFileType = wrapper.cfbundle; includeInIndex = 0; path = SoccerChallengeTests.xctest; sourceTree = BUILT_PRODUCTS_DIR; };
		B618E4FB1B64354D0020AC6C /* Info.plist */ = {isa = PBXFileReference; lastKnownFileType = text.plist.xml; path = Info.plist; sourceTree = "<group>"; };
		B618E4FC1B64354D0020AC6C /* SoccerChallengeTests.m */ = {isa = PBXFileReference; lastKnownFileType = sourcecode.c.objc; path = SoccerChallengeTests.m; sourceTree = "<group>"; };
		B6A020231B667D190055AD01 /* GameTableViewController.h */ = {isa = PBXFileReference; fileEncoding = 4; lastKnownFileType = sourcecode.c.h; path = GameTableViewController.h; sourceTree = "<group>"; };
		B6A020241B667D190055AD01 /* GameTableViewController.m */ = {isa = PBXFileReference; fileEncoding = 4; lastKnownFileType = sourcecode.c.objc; path = GameTableViewController.m; sourceTree = "<group>"; };
		B6A020341B667EF00055AD01 /* basketball.png */ = {isa = PBXFileReference; lastKnownFileType = image.png; path = basketball.png; sourceTree = "<group>"; };
		B6A020351B667EF00055AD01 /* bowlingball.jpeg */ = {isa = PBXFileReference; lastKnownFileType = image.jpeg; path = bowlingball.jpeg; sourceTree = "<group>"; };
		B6A020361B667EF00055AD01 /* pingpongball.gif */ = {isa = PBXFileReference; lastKnownFileType = image.gif; path = pingpongball.gif; sourceTree = "<group>"; };
		B6A020371B667EF00055AD01 /* pusheen.jpg */ = {isa = PBXFileReference; lastKnownFileType = image.jpeg; path = pusheen.jpg; sourceTree = "<group>"; };
		B6A020381B667EF00055AD01 /* soccer_ball.jpeg */ = {isa = PBXFileReference; lastKnownFileType = image.jpeg; path = soccer_ball.jpeg; sourceTree = "<group>"; };
		B6A020391B667EF00055AD01 /* Soccer_field.png */ = {isa = PBXFileReference; lastKnownFileType = image.png; path = Soccer_field.png; sourceTree = "<group>"; };
		B6A020401B6689CB0055AD01 /* GroundNode.h */ = {isa = PBXFileReference; fileEncoding = 4; lastKnownFileType = sourcecode.c.h; path = GroundNode.h; sourceTree = "<group>"; };
		B6A020411B6689CB0055AD01 /* GroundNode.m */ = {isa = PBXFileReference; fileEncoding = 4; lastKnownFileType = sourcecode.c.objc; path = GroundNode.m; sourceTree = "<group>"; };
		B6A020431B669AC20055AD01 /* GamePlayScene.h */ = {isa = PBXFileReference; fileEncoding = 4; lastKnownFileType = sourcecode.c.h; path = GamePlayScene.h; sourceTree = "<group>"; };
		B6A020441B669AC20055AD01 /* GamePlayScene.m */ = {isa = PBXFileReference; fileEncoding = 4; lastKnownFileType = sourcecode.c.objc; path = GamePlayScene.m; sourceTree = "<group>"; };
		B6A020561B669E780055AD01 /* PusheenNode.h */ = {isa = PBXFileReference; fileEncoding = 4; lastKnownFileType = sourcecode.c.h; path = PusheenNode.h; sourceTree = "<group>"; };
		B6A020571B669E780055AD01 /* PusheenNode.m */ = {isa = PBXFileReference; fileEncoding = 4; lastKnownFileType = sourcecode.c.objc; path = PusheenNode.m; sourceTree = "<group>"; };
		B6A020591B66A0440055AD01 /* BallNode.h */ = {isa = PBXFileReference; fileEncoding = 4; lastKnownFileType = sourcecode.c.h; path = BallNode.h; sourceTree = "<group>"; };
		B6A0205A1B66A0440055AD01 /* BallNode.m */ = {isa = PBXFileReference; fileEncoding = 4; lastKnownFileType = sourcecode.c.objc; path = BallNode.m; sourceTree = "<group>"; };
		B6A0205C1B66A6180055AD01 /* wind.png */ = {isa = PBXFileReference; lastKnownFileType = image.png; path = wind.png; sourceTree = "<group>"; };
		B6A0205E1B66A6B70055AD01 /* WindNode.h */ = {isa = PBXFileReference; fileEncoding = 4; lastKnownFileType = sourcecode.c.h; path = WindNode.h; sourceTree = "<group>"; };
		B6A0205F1B66A6B70055AD01 /* WindNode.m */ = {isa = PBXFileReference; fileEncoding = 4; lastKnownFileType = sourcecode.c.objc; path = WindNode.m; sourceTree = "<group>"; };
		B6A020611B66ABF40055AD01 /* images.jpg */ = {isa = PBXFileReference; lastKnownFileType = image.jpeg; path = images.jpg; sourceTree = "<group>"; };
		B6A020631B66B42F0055AD01 /* Utilities.h */ = {isa = PBXFileReference; fileEncoding = 4; lastKnownFileType = sourcecode.c.h; path = Utilities.h; sourceTree = "<group>"; };
		B6A020641B66B42F0055AD01 /* Utilities.m */ = {isa = PBXFileReference; fileEncoding = 4; lastKnownFileType = sourcecode.c.objc; path = Utilities.m; sourceTree = "<group>"; };
		B6A020671B66BD3F0055AD01 /* Bolts.framework */ = {isa = PBXFileReference; lastKnownFileType = wrapper.framework; path = Bolts.framework; sourceTree = "<group>"; };
		B6A020681B66BD3F0055AD01 /* Parse.framework */ = {isa = PBXFileReference; lastKnownFileType = wrapper.framework; path = Parse.framework; sourceTree = "<group>"; };
		B6A020691B66BD3F0055AD01 /* ParseCrashReporting.framework */ = {isa = PBXFileReference; lastKnownFileType = wrapper.framework; path = ParseCrashReporting.framework; sourceTree = "<group>"; };
		B6A0206A1B66BD3F0055AD01 /* ParseFacebookUtils.framework */ = {isa = PBXFileReference; lastKnownFileType = wrapper.framework; path = ParseFacebookUtils.framework; sourceTree = "<group>"; };
		B6A0206B1B66BD3F0055AD01 /* ParseFacebookUtilsV4.framework */ = {isa = PBXFileReference; lastKnownFileType = wrapper.framework; path = ParseFacebookUtilsV4.framework; sourceTree = "<group>"; };
		B6A0206C1B66BD3F0055AD01 /* ParseUI.framework */ = {isa = PBXFileReference; lastKnownFileType = wrapper.framework; path = ParseUI.framework; sourceTree = "<group>"; };
		B6A020731B66BED30055AD01 /* goal.png */ = {isa = PBXFileReference; lastKnownFileType = image.png; path = goal.png; sourceTree = "<group>"; };
		B6A020751B66DFD30055AD01 /* SoccerTypes.h */ = {isa = PBXFileReference; lastKnownFileType = sourcecode.c.h; path = SoccerTypes.h; sourceTree = "<group>"; };
/* End PBXFileReference section */

/* Begin PBXFrameworksBuildPhase section */
		B618E4D51B64354D0020AC6C /* Frameworks */ = {
			isa = PBXFrameworksBuildPhase;
			buildActionMask = 2147483647;
			files = (
				B6A020721B66BD3F0055AD01 /* ParseUI.framework in Frameworks */,
				B6A0206E1B66BD3F0055AD01 /* Parse.framework in Frameworks */,
				B6A0206F1B66BD3F0055AD01 /* ParseCrashReporting.framework in Frameworks */,
				B6A020701B66BD3F0055AD01 /* ParseFacebookUtils.framework in Frameworks */,
				B6A0206D1B66BD3F0055AD01 /* Bolts.framework in Frameworks */,
				B6A020711B66BD3F0055AD01 /* ParseFacebookUtilsV4.framework in Frameworks */,
			);
			runOnlyForDeploymentPostprocessing = 0;
		};
		B618E4F31B64354D0020AC6C /* Frameworks */ = {
			isa = PBXFrameworksBuildPhase;
			buildActionMask = 2147483647;
			files = (
			);
			runOnlyForDeploymentPostprocessing = 0;
		};
/* End PBXFrameworksBuildPhase section */

/* Begin PBXGroup section */
		B618E4CF1B64354D0020AC6C = {
			isa = PBXGroup;
			children = (
				B618E4DA1B64354D0020AC6C /* SoccerChallenge */,
				B618E4F91B64354D0020AC6C /* SoccerChallengeTests */,
				B618E4D91B64354D0020AC6C /* Products */,
			);
			sourceTree = "<group>";
		};
		B618E4D91B64354D0020AC6C /* Products */ = {
			isa = PBXGroup;
			children = (
				B618E4D81B64354D0020AC6C /* SoccerChallenge.app */,
				B618E4F61B64354D0020AC6C /* SoccerChallengeTests.xctest */,
			);
			name = Products;
			sourceTree = "<group>";
		};
		B618E4DA1B64354D0020AC6C /* SoccerChallenge */ = {
			isa = PBXGroup;
			children = (
				B6A020551B669D280055AD01 /* SpriteKit */,
				B618E4DF1B64354D0020AC6C /* AppDelegate.h */,
				B618E4E01B64354D0020AC6C /* AppDelegate.m */,
				B6A020631B66B42F0055AD01 /* Utilities.h */,
				B6A020641B66B42F0055AD01 /* Utilities.m */,
				B6A020231B667D190055AD01 /* GameTableViewController.h */,
				B6A020241B667D190055AD01 /* GameTableViewController.m */,
				B618E4E51B64354D0020AC6C /* GameScene.sks */,
				B618E4EA1B64354D0020AC6C /* Main.storyboard */,
				B618E4ED1B64354D0020AC6C /* Images.xcassets */,
				B6A0205C1B66A6180055AD01 /* wind.png */,
				B6A020331B667EF00055AD01 /* Soccer Image folder */,
				B618E4EF1B64354D0020AC6C /* LaunchScreen.xib */,
				B618E4DB1B64354D0020AC6C /* Supporting Files */,
			);
			path = SoccerChallenge;
			sourceTree = "<group>";
		};
		B618E4DB1B64354D0020AC6C /* Supporting Files */ = {
			isa = PBXGroup;
			children = (
				B6A020661B66BD3F0055AD01 /* parse-library-1.7.5 (2) */,
				B618E4DC1B64354D0020AC6C /* Info.plist */,
				B618E4DD1B64354D0020AC6C /* main.m */,
			);
			name = "Supporting Files";
			sourceTree = "<group>";
		};
		B618E4F91B64354D0020AC6C /* SoccerChallengeTests */ = {
			isa = PBXGroup;
			children = (
				B618E4FC1B64354D0020AC6C /* SoccerChallengeTests.m */,
				B618E4FA1B64354D0020AC6C /* Supporting Files */,
			);
			path = SoccerChallengeTests;
			sourceTree = "<group>";
		};
		B618E4FA1B64354D0020AC6C /* Supporting Files */ = {
			isa = PBXGroup;
			children = (
				B618E4FB1B64354D0020AC6C /* Info.plist */,
			);
			name = "Supporting Files";
			sourceTree = "<group>";
		};
		B6A020331B667EF00055AD01 /* Soccer Image folder */ = {
			isa = PBXGroup;
			children = (
				B6A020731B66BED30055AD01 /* goal.png */,
				B6A020611B66ABF40055AD01 /* images.jpg */,
				B6A020341B667EF00055AD01 /* basketball.png */,
				B6A020351B667EF00055AD01 /* bowlingball.jpeg */,
				B6A020361B667EF00055AD01 /* pingpongball.gif */,
				B6A020371B667EF00055AD01 /* pusheen.jpg */,
				B6A020381B667EF00055AD01 /* soccer_ball.jpeg */,
				B6A020391B667EF00055AD01 /* Soccer_field.png */,
			);
			path = "Soccer Image folder";
			sourceTree = "<group>";
		};
		B6A020551B669D280055AD01 /* SpriteKit */ = {
			isa = PBXGroup;
			children = (
				B6A020401B6689CB0055AD01 /* GroundNode.h */,
				B6A020411B6689CB0055AD01 /* GroundNode.m */,
				B6A020561B669E780055AD01 /* PusheenNode.h */,
				B6A020571B669E780055AD01 /* PusheenNode.m */,
				B6A0205E1B66A6B70055AD01 /* WindNode.h */,
				B6A0205F1B66A6B70055AD01 /* WindNode.m */,
				B6A020591B66A0440055AD01 /* BallNode.h */,
				B6A0205A1B66A0440055AD01 /* BallNode.m */,
				B6A020431B669AC20055AD01 /* GamePlayScene.h */,
				B6A020441B669AC20055AD01 /* GamePlayScene.m */,
				B6A020751B66DFD30055AD01 /* SoccerTypes.h */,
			);
			name = SpriteKit;
			sourceTree = "<group>";
		};
		B6A020661B66BD3F0055AD01 /* parse-library-1.7.5 (2) */ = {
			isa = PBXGroup;
			children = (
				B6A020671B66BD3F0055AD01 /* Bolts.framework */,
				B6A020681B66BD3F0055AD01 /* Parse.framework */,
				B6A020691B66BD3F0055AD01 /* ParseCrashReporting.framework */,
				B6A0206A1B66BD3F0055AD01 /* ParseFacebookUtils.framework */,
				B6A0206B1B66BD3F0055AD01 /* ParseFacebookUtilsV4.framework */,
				B6A0206C1B66BD3F0055AD01 /* ParseUI.framework */,
			);
			path = "parse-library-1.7.5 (2)";
			sourceTree = "<group>";
		};
/* End PBXGroup section */

/* Begin PBXNativeTarget section */
		B618E4D71B64354D0020AC6C /* SoccerChallenge */ = {
			isa = PBXNativeTarget;
			buildConfigurationList = B618E5001B64354D0020AC6C /* Build configuration list for PBXNativeTarget "SoccerChallenge" */;
			buildPhases = (
				B618E4D41B64354D0020AC6C /* Sources */,
				B618E4D51B64354D0020AC6C /* Frameworks */,
				B618E4D61B64354D0020AC6C /* Resources */,
			);
			buildRules = (
			);
			dependencies = (
			);
			name = SoccerChallenge;
			productName = SoccerChallenge;
			productReference = B618E4D81B64354D0020AC6C /* SoccerChallenge.app */;
			productType = "com.apple.product-type.application";
		};
		B618E4F51B64354D0020AC6C /* SoccerChallengeTests */ = {
			isa = PBXNativeTarget;
			buildConfigurationList = B618E5031B64354D0020AC6C /* Build configuration list for PBXNativeTarget "SoccerChallengeTests" */;
			buildPhases = (
				B618E4F21B64354D0020AC6C /* Sources */,
				B618E4F31B64354D0020AC6C /* Frameworks */,
				B618E4F41B64354D0020AC6C /* Resources */,
			);
			buildRules = (
			);
			dependencies = (
				B618E4F81B64354D0020AC6C /* PBXTargetDependency */,
			);
			name = SoccerChallengeTests;
			productName = SoccerChallengeTests;
			productReference = B618E4F61B64354D0020AC6C /* SoccerChallengeTests.xctest */;
			productType = "com.apple.product-type.bundle.unit-test";
		};
/* End PBXNativeTarget section */

/* Begin PBXProject section */
		B618E4D01B64354D0020AC6C /* Project object */ = {
			isa = PBXProject;
			attributes = {
				LastUpgradeCheck = 0640;
				ORGANIZATIONNAME = "Arsalan Vakili";
				TargetAttributes = {
					B618E4D71B64354D0020AC6C = {
						CreatedOnToolsVersion = 6.4;
					};
					B618E4F51B64354D0020AC6C = {
						CreatedOnToolsVersion = 6.4;
						TestTargetID = B618E4D71B64354D0020AC6C;
					};
				};
			};
			buildConfigurationList = B618E4D31B64354D0020AC6C /* Build configuration list for PBXProject "SoccerChallenge" */;
			compatibilityVersion = "Xcode 3.2";
			developmentRegion = English;
			hasScannedForEncodings = 0;
			knownRegions = (
				en,
				Base,
			);
			mainGroup = B618E4CF1B64354D0020AC6C;
			productRefGroup = B618E4D91B64354D0020AC6C /* Products */;
			projectDirPath = "";
			projectRoot = "";
			targets = (
				B618E4D71B64354D0020AC6C /* SoccerChallenge */,
				B618E4F51B64354D0020AC6C /* SoccerChallengeTests */,
			);
		};
/* End PBXProject section */

/* Begin PBXResourcesBuildPhase section */
		B618E4D61B64354D0020AC6C /* Resources */ = {
			isa = PBXResourcesBuildPhase;
			buildActionMask = 2147483647;
			files = (
				B618E4F11B64354D0020AC6C /* LaunchScreen.xib in Resources */,
				B6A0203C1B667EF00055AD01 /* pingpongball.gif in Resources */,
				B6A0203E1B667EF00055AD01 /* soccer_ball.jpeg in Resources */,
				B6A0203D1B667EF00055AD01 /* pusheen.jpg in Resources */,
				B618E4EE1B64354D0020AC6C /* Images.xcassets in Resources */,
				B618E4E61B64354D0020AC6C /* GameScene.sks in Resources */,
				B618E4EC1B64354D0020AC6C /* Main.storyboard in Resources */,
				B6A0203F1B667EF00055AD01 /* Soccer_field.png in Resources */,
				B6A0203A1B667EF00055AD01 /* basketball.png in Resources */,
				B6A020741B66BED30055AD01 /* goal.png in Resources */,
				B6A0203B1B667EF00055AD01 /* bowlingball.jpeg in Resources */,
				B6A0205D1B66A6180055AD01 /* wind.png in Resources */,
				B6A020621B66ABF40055AD01 /* images.jpg in Resources */,
			);
			runOnlyForDeploymentPostprocessing = 0;
		};
		B618E4F41B64354D0020AC6C /* Resources */ = {
			isa = PBXResourcesBuildPhase;
			buildActionMask = 2147483647;
			files = (
			);
			runOnlyForDeploymentPostprocessing = 0;
		};
/* End PBXResourcesBuildPhase section */

/* Begin PBXSourcesBuildPhase section */
		B618E4D41B64354D0020AC6C /* Sources */ = {
			isa = PBXSourcesBuildPhase;
			buildActionMask = 2147483647;
			files = (
				B6A0205B1B66A0440055AD01 /* BallNode.m in Sources */,
				B6A020601B66A6B70055AD01 /* WindNode.m in Sources */,
				B618E4E11B64354D0020AC6C /* AppDelegate.m in Sources */,
				B6A020251B667D190055AD01 /* GameTableViewController.m in Sources */,
				B6A020651B66B42F0055AD01 /* Utilities.m in Sources */,
				B6A020421B6689CB0055AD01 /* GroundNode.m in Sources */,
				B6A020581B669E780055AD01 /* PusheenNode.m in Sources */,
				B6A020451B669AC20055AD01 /* GamePlayScene.m in Sources */,
				B618E4DE1B64354D0020AC6C /* main.m in Sources */,
			);
			runOnlyForDeploymentPostprocessing = 0;
		};
		B618E4F21B64354D0020AC6C /* Sources */ = {
			isa = PBXSourcesBuildPhase;
			buildActionMask = 2147483647;
			files = (
				B618E4FD1B64354D0020AC6C /* SoccerChallengeTests.m in Sources */,
			);
			runOnlyForDeploymentPostprocessing = 0;
		};
/* End PBXSourcesBuildPhase section */

/* Begin PBXTargetDependency section */
		B618E4F81B64354D0020AC6C /* PBXTargetDependency */ = {
			isa = PBXTargetDependency;
			target = B618E4D71B64354D0020AC6C /* SoccerChallenge */;
			targetProxy = B618E4F71B64354D0020AC6C /* PBXContainerItemProxy */;
		};
/* End PBXTargetDependency section */

/* Begin PBXVariantGroup section */
		B618E4EA1B64354D0020AC6C /* Main.storyboard */ = {
			isa = PBXVariantGroup;
			children = (
				B618E4EB1B64354D0020AC6C /* Base */,
			);
			name = Main.storyboard;
			sourceTree = "<group>";
		};
		B618E4EF1B64354D0020AC6C /* LaunchScreen.xib */ = {
			isa = PBXVariantGroup;
			children = (
				B618E4F01B64354D0020AC6C /* Base */,
			);
			name = LaunchScreen.xib;
			sourceTree = "<group>";
		};
/* End PBXVariantGroup section */

/* Begin XCBuildConfiguration section */
		B618E4FE1B64354D0020AC6C /* Debug */ = {
			isa = XCBuildConfiguration;
			buildSettings = {
				ALWAYS_SEARCH_USER_PATHS = NO;
				CLANG_CXX_LANGUAGE_STANDARD = "gnu++0x";
				CLANG_CXX_LIBRARY = "libc++";
				CLANG_ENABLE_MODULES = YES;
				CLANG_ENABLE_OBJC_ARC = YES;
				CLANG_WARN_BOOL_CONVERSION = YES;
				CLANG_WARN_CONSTANT_CONVERSION = YES;
				CLANG_WARN_DIRECT_OBJC_ISA_USAGE = YES_ERROR;
				CLANG_WARN_EMPTY_BODY = YES;
				CLANG_WARN_ENUM_CONVERSION = YES;
				CLANG_WARN_INT_CONVERSION = YES;
				CLANG_WARN_OBJC_ROOT_CLASS = YES_ERROR;
				CLANG_WARN_UNREACHABLE_CODE = YES;
				CLANG_WARN__DUPLICATE_METHOD_MATCH = YES;
				"CODE_SIGN_IDENTITY[sdk=iphoneos*]" = "iPhone Developer";
				COPY_PHASE_STRIP = NO;
				DEBUG_INFORMATION_FORMAT = "dwarf-with-dsym";
				ENABLE_STRICT_OBJC_MSGSEND = YES;
				GCC_C_LANGUAGE_STANDARD = gnu99;
				GCC_DYNAMIC_NO_PIC = NO;
				GCC_NO_COMMON_BLOCKS = YES;
				GCC_OPTIMIZATION_LEVEL = 0;
				GCC_PREPROCESSOR_DEFINITIONS = (
					"DEBUG=1",
					"$(inherited)",
				);
				GCC_SYMBOLS_PRIVATE_EXTERN = NO;
				GCC_WARN_64_TO_32_BIT_CONVERSION = YES;
				GCC_WARN_ABOUT_RETURN_TYPE = YES_ERROR;
				GCC_WARN_UNDECLARED_SELECTOR = YES;
				GCC_WARN_UNINITIALIZED_AUTOS = YES_AGGRESSIVE;
				GCC_WARN_UNUSED_FUNCTION = YES;
				GCC_WARN_UNUSED_VARIABLE = YES;
				IPHONEOS_DEPLOYMENT_TARGET = 8.4;
				MTL_ENABLE_DEBUG_INFO = YES;
				ONLY_ACTIVE_ARCH = YES;
				SDKROOT = iphoneos;
			};
			name = Debug;
		};
		B618E4FF1B64354D0020AC6C /* Release */ = {
			isa = XCBuildConfiguration;
			buildSettings = {
				ALWAYS_SEARCH_USER_PATHS = NO;
				CLANG_CXX_LANGUAGE_STANDARD = "gnu++0x";
				CLANG_CXX_LIBRARY = "libc++";
				CLANG_ENABLE_MODULES = YES;
				CLANG_ENABLE_OBJC_ARC = YES;
				CLANG_WARN_BOOL_CONVERSION = YES;
				CLANG_WARN_CONSTANT_CONVERSION = YES;
				CLANG_WARN_DIRECT_OBJC_ISA_USAGE = YES_ERROR;
				CLANG_WARN_EMPTY_BODY = YES;
				CLANG_WARN_ENUM_CONVERSION = YES;
				CLANG_WARN_INT_CONVERSION = YES;
				CLANG_WARN_OBJC_ROOT_CLASS = YES_ERROR;
				CLANG_WARN_UNREACHABLE_CODE = YES;
				CLANG_WARN__DUPLICATE_METHOD_MATCH = YES;
				"CODE_SIGN_IDENTITY[sdk=iphoneos*]" = "iPhone Developer";
				COPY_PHASE_STRIP = NO;
				DEBUG_INFORMATION_FORMAT = "dwarf-with-dsym";
				ENABLE_NS_ASSERTIONS = NO;
				ENABLE_STRICT_OBJC_MSGSEND = YES;
				GCC_C_LANGUAGE_STANDARD = gnu99;
				GCC_NO_COMMON_BLOCKS = YES;
				GCC_WARN_64_TO_32_BIT_CONVERSION = YES;
				GCC_WARN_ABOUT_RETURN_TYPE = YES_ERROR;
				GCC_WARN_UNDECLARED_SELECTOR = YES;
				GCC_WARN_UNINITIALIZED_AUTOS = YES_AGGRESSIVE;
				GCC_WARN_UNUSED_FUNCTION = YES;
				GCC_WARN_UNUSED_VARIABLE = YES;
				IPHONEOS_DEPLOYMENT_TARGET = 8.4;
				MTL_ENABLE_DEBUG_INFO = NO;
				SDKROOT = iphoneos;
				VALIDATE_PRODUCT = YES;
			};
			name = Release;
		};
		B618E5011B64354D0020AC6C /* Debug */ = {
			isa = XCBuildConfiguration;
			buildSettings = {
				ASSETCATALOG_COMPILER_APPICON_NAME = AppIcon;
				FRAMEWORK_SEARCH_PATHS = (
					"$(inherited)",
					"$(PROJECT_DIR)/SoccerChallenge/parse-library-1.7.5",
					"(2)",
				);
				INFOPLIST_FILE = SoccerChallenge/Info.plist;
				LD_RUNPATH_SEARCH_PATHS = "$(inherited) @executable_path/Frameworks";
				PRODUCT_NAME = "$(TARGET_NAME)";
			};
			name = Debug;
		};
		B618E5021B64354D0020AC6C /* Release */ = {
			isa = XCBuildConfiguration;
			buildSettings = {
				ASSETCATALOG_COMPILER_APPICON_NAME = AppIcon;
				FRAMEWORK_SEARCH_PATHS = (
					"$(inherited)",
					"$(PROJECT_DIR)/SoccerChallenge/parse-library-1.7.5",
					"(2)",
				);
				INFOPLIST_FILE = SoccerChallenge/Info.plist;
				LD_RUNPATH_SEARCH_PATHS = "$(inherited) @executable_path/Frameworks";
				PRODUCT_NAME = "$(TARGET_NAME)";
			};
			name = Release;
		};
		B618E5041B64354D0020AC6C /* Debug */ = {
			isa = XCBuildConfiguration;
			buildSettings = {
				BUNDLE_LOADER = "$(TEST_HOST)";
				FRAMEWORK_SEARCH_PATHS = (
					"$(SDKROOT)/Developer/Library/Frameworks",
					"$(inherited)",
				);
				GCC_PREPROCESSOR_DEFINITIONS = (
					"DEBUG=1",
					"$(inherited)",
				);
				INFOPLIST_FILE = SoccerChallengeTests/Info.plist;
				LD_RUNPATH_SEARCH_PATHS = "$(inherited) @executable_path/Frameworks @loader_path/Frameworks";
				PRODUCT_NAME = "$(TARGET_NAME)";
				TEST_HOST = "$(BUILT_PRODUCTS_DIR)/SoccerChallenge.app/SoccerChallenge";
			};
			name = Debug;
		};
		B618E5051B64354D0020AC6C /* Release */ = {
			isa = XCBuildConfiguration;
			buildSettings = {
				BUNDLE_LOADER = "$(TEST_HOST)";
				FRAMEWORK_SEARCH_PATHS = (
					"$(SDKROOT)/Developer/Library/Frameworks",
					"$(inherited)",
				);
				INFOPLIST_FILE = SoccerChallengeTests/Info.plist;
				LD_RUNPATH_SEARCH_PATHS = "$(inherited) @executable_path/Frameworks @loader_path/Frameworks";
				PRODUCT_NAME = "$(TARGET_NAME)";
				TEST_HOST = "$(BUILT_PRODUCTS_DIR)/SoccerChallenge.app/SoccerChallenge";
			};
			name = Release;
		};
/* End XCBuildConfiguration section */

/* Begin XCConfigurationList section */
		B618E4D31B64354D0020AC6C /* Build configuration list for PBXProject "SoccerChallenge" */ = {
			isa = XCConfigurationList;
			buildConfigurations = (
				B618E4FE1B64354D0020AC6C /* Debug */,
				B618E4FF1B64354D0020AC6C /* Release */,
			);
			defaultConfigurationIsVisible = 0;
			defaultConfigurationName = Release;
		};
		B618E5001B64354D0020AC6C /* Build configuration list for PBXNativeTarget "SoccerChallenge" */ = {
			isa = XCConfigurationList;
			buildConfigurations = (
				B618E5011B64354D0020AC6C /* Debug */,
				B618E5021B64354D0020AC6C /* Release */,
			);
			defaultConfigurationIsVisible = 0;
			defaultConfigurationName = Release;
		};
		B618E5031B64354D0020AC6C /* Build configuration list for PBXNativeTarget "SoccerChallengeTests" */ = {
			isa = XCConfigurationList;
			buildConfigurations = (
				B618E5041B64354D0020AC6C /* Debug */,
				B618E5051B64354D0020AC6C /* Release */,
			);
			defaultConfigurationIsVisible = 0;
			defaultConfigurationName = Release;
		};
/* End XCConfigurationList section */
	};
	rootObject = B618E4D01B64354D0020AC6C /* Project object */;
}
